
Microsoft Visual Studio Solution File, Format Version 12.00
# Visual Studio Version 17
VisualStudioVersion = 17.8.34330.188
MinimumVisualStudioVersion = 10.0.40219.1
Project("{2150E333-8FDC-42A3-9474-1A3956D46DE8}") = "01_Basic", "01_Basic", "{C60F51FB-BA2D-48C1-BC5A-C5D4A4CEEE96}"
EndProject
Project("{9A19103F-16F7-4668-BE54-9A1E7A4F7556}") = "BasicSocketClient", "01_basic\BasicSocketClient\BasicSocketClient.csproj", "{09F650C5-A45B-448E-8988-ECB6AF89B7E5}"
EndProject
Project("{9A19103F-16F7-4668-BE54-9A1E7A4F7556}") = "BasicSocketServer", "01_basic\BasicSocketServer\BasicSocketServer.csproj", "{CDD3A260-0DDA-4D3C-B394-340610D099EC}"
EndProject
Project("{9A19103F-16F7-4668-BE54-9A1E7A4F7556}") = "BasicUDP", "01_basic\BasicUDP\BasicUDP.csproj", "{42FD8BE6-1847-4563-8C77-E10A442F2BAD}"
EndProject
Project("{2150E333-8FDC-42A3-9474-1A3956D46DE8}") = "02_AsyncIO", "02_AsyncIO", "{593CF7FB-9912-4965-A623-798DB6AA82E4}"
EndProject
Project("{9A19103F-16F7-4668-BE54-9A1E7A4F7556}") = "BasicAsyncSocketServer", "02_asyncIo\BasicAsyncSocketServer\BasicAsyncSocketServer.csproj", "{69DF294F-8217-480A-AD81-D2D2CE095543}"
EndProject
Project("{9A19103F-16F7-4668-BE54-9A1E7A4F7556}") = "AsyncSocketServer", "02_asyncIo\AsyncSocketServer\AsyncSocketServer.csproj", "{30975738-E78D-4CB3-B5E9-757D10578500}"
EndProject
Project("{9A19103F-16F7-4668-BE54-9A1E7A4F7556}") = "AsyncSocketServer2", "02_asyncIo\AsyncSocketServer2\AsyncSocketServer2.csproj", "{A1021145-C976-4FCB-9EE4-23777BA8DBB8}"
EndProject
Project("{2150E333-8FDC-42A3-9474-1A3956D46DE8}") = "03_AsyncAwait", "03_AsyncAwait", "{CDB96A17-6AE9-4B9A-AB7B-EE364697ECD3}"
EndProject
Project("{9A19103F-16F7-4668-BE54-9A1E7A4F7556}") = "AsyncAwaitSocketServer", "03_async-await\AsyncAwaitSocketServer\AsyncAwaitSocketServer.csproj", "{A4A44346-80AA-4F10-B8E3-4C4BA6692BC9}"
EndProject
Project("{9A19103F-16F7-4668-BE54-9A1E7A4F7556}") = "AsyncAwaitChatServer", "03_async-await\AsyncAwaitChatServer\AsyncAwaitChatServer.csproj", "{B7373BAA-D442-4963-BC69-6FF29FBA31B8}"
EndProject
Project("{2150E333-8FDC-42A3-9474-1A3956D46DE8}") = "04_Practice", "04_Practice", "{38E135CC-EAB3-4BA3-9418-DCF3EEEDE669}"
EndProject
Project("{2150E333-8FDC-42A3-9474-1A3956D46DE8}") = "FreeNetLiteRe", "FreeNetLiteRe", "{2D62A47E-E27E-46B1-90FF-CF5B25315B75}"
EndProject
Project("{FAE04EC0-301F-11D3-BF4B-00C04F79EFBC}") = "EchoServer", "practice\edu_csharp_FreeNetLiteRe\Samples\EchoServer\EchoServer.csproj", "{56E35CD4-0A44-4128-898A-7FF6B877FAA1}"
EndProject
Project("{FAE04EC0-301F-11D3-BF4B-00C04F79EFBC}") = "EchoServerIOThreadPacketProcess", "practice\edu_csharp_FreeNetLiteRe\Samples\EchoServerIOThreadPacketProcess\EchoServerIOThreadPacketProcess.csproj", "{34F7EC98-9B42-46DC-8C9D-AFE528B21EA4}"
EndProject
Project("{FAE04EC0-301F-11D3-BF4B-00C04F79EFBC}") = "FreeNetLite", "practice\edu_csharp_FreeNetLiteRe\FreeNetLite\FreeNetLite.csproj", "{7F1E7CA9-8D85-41A5-8086-095D44A11EFA}"
EndProject
Project("{2150E333-8FDC-42A3-9474-1A3956D46DE8}") = "FastSocketLite", "FastSocketLite", "{EA509EBA-80BA-4CAD-856D-9437C31AC19E}"
EndProject
Project("{FAE04EC0-301F-11D3-BF4B-00C04F79EFBC}") = "FastSocketLite.SocketBase", "practice\edu_FastSocketLite\SocketBase\FastSocketLite.SocketBase.csproj", "{F07EB3A7-6E6A-49A4-8FB7-0AB568451329}"
EndProject
Project("{FAE04EC0-301F-11D3-BF4B-00C04F79EFBC}") = "FastSocketLite.Server", "practice\edu_FastSocketLite\Server\FastSocketLite.Server.csproj", "{AF0505B6-EBD4-4EE4-8A31-8A5799623322}"
EndProject
Project("{FAE04EC0-301F-11D3-BF4B-00C04F79EFBC}") = "EchoServer", "practice\edu_FastSocketLite\Samples\EchoServer\EchoServer.csproj", "{093AC020-D210-43FB-A881-D3D5ECF9E403}"
EndProject
Project("{2150E333-8FDC-42A3-9474-1A3956D46DE8}") = "laster40", "laster40", "{B386A31A-2EDF-490D-AB4A-B320CC13C87D}"
EndProject
Project("{FAE04EC0-301F-11D3-BF4B-00C04F79EFBC}") = "laster40Net", "practice\edu_laster40_CSharpNetworkLib\laster40Net\laster40Net.csproj", "{7F660F4F-15D2-470F-806F-A8D60BA20456}"
EndProject
Project("{FAE04EC0-301F-11D3-BF4B-00C04F79EFBC}") = "laster40Net_EchoServer", "practice\edu_laster40_CSharpNetworkLib\laster40Net_EchoServer\laster40Net_EchoServer.csproj", "{D054B72B-FFF0-4980-A837-A2C92990DB30}"
EndProject
Project("{FAE04EC0-301F-11D3-BF4B-00C04F79EFBC}") = "laster40Net_SimpleChatServer", "practice\edu_laster40_CSharpNetworkLib\laster40Net_SimpleChatServer\laster40Net_SimpleChatServer.csproj", "{4740DE1A-12D7-4AA8-AE6E-52117CD0979E}"
EndProject
Global
	GlobalSection(SolutionConfigurationPlatforms) = preSolution
		Debug|Any CPU = Debug|Any CPU
		Release|Any CPU = Release|Any CPU
	EndGlobalSection
	GlobalSection(ProjectConfigurationPlatforms) = postSolution
		{09F650C5-A45B-448E-8988-ECB6AF89B7E5}.Debug|Any CPU.ActiveCfg = Debug|Any CPU
		{09F650C5-A45B-448E-8988-ECB6AF89B7E5}.Debug|Any CPU.Build.0 = Debug|Any CPU
		{09F650C5-A45B-448E-8988-ECB6AF89B7E5}.Release|Any CPU.ActiveCfg = Release|Any CPU
		{09F650C5-A45B-448E-8988-ECB6AF89B7E5}.Release|Any CPU.Build.0 = Release|Any CPU
		{CDD3A260-0DDA-4D3C-B394-340610D099EC}.Debug|Any CPU.ActiveCfg = Debug|Any CPU
		{CDD3A260-0DDA-4D3C-B394-340610D099EC}.Debug|Any CPU.Build.0 = Debug|Any CPU
		{CDD3A260-0DDA-4D3C-B394-340610D099EC}.Release|Any CPU.ActiveCfg = Release|Any CPU
		{CDD3A260-0DDA-4D3C-B394-340610D099EC}.Release|Any CPU.Build.0 = Release|Any CPU
		{42FD8BE6-1847-4563-8C77-E10A442F2BAD}.Debug|Any CPU.ActiveCfg = Debug|Any CPU
		{42FD8BE6-1847-4563-8C77-E10A442F2BAD}.Debug|Any CPU.Build.0 = Debug|Any CPU
		{42FD8BE6-1847-4563-8C77-E10A442F2BAD}.Release|Any CPU.ActiveCfg = Release|Any CPU
		{42FD8BE6-1847-4563-8C77-E10A442F2BAD}.Release|Any CPU.Build.0 = Release|Any CPU
		{69DF294F-8217-480A-AD81-D2D2CE095543}.Debug|Any CPU.ActiveCfg = Debug|Any CPU
		{69DF294F-8217-480A-AD81-D2D2CE095543}.Debug|Any CPU.Build.0 = Debug|Any CPU
		{69DF294F-8217-480A-AD81-D2D2CE095543}.Release|Any CPU.ActiveCfg = Release|Any CPU
		{69DF294F-8217-480A-AD81-D2D2CE095543}.Release|Any CPU.Build.0 = Release|Any CPU
		{30975738-E78D-4CB3-B5E9-757D10578500}.Debug|Any CPU.ActiveCfg = Debug|Any CPU
		{30975738-E78D-4CB3-B5E9-757D10578500}.Debug|Any CPU.Build.0 = Debug|Any CPU
		{30975738-E78D-4CB3-B5E9-757D10578500}.Release|Any CPU.ActiveCfg = Release|Any CPU
		{30975738-E78D-4CB3-B5E9-757D10578500}.Release|Any CPU.Build.0 = Release|Any CPU
		{A1021145-C976-4FCB-9EE4-23777BA8DBB8}.Debug|Any CPU.ActiveCfg = Debug|Any CPU
		{A1021145-C976-4FCB-9EE4-23777BA8DBB8}.Debug|Any CPU.Build.0 = Debug|Any CPU
		{A1021145-C976-4FCB-9EE4-23777BA8DBB8}.Release|Any CPU.ActiveCfg = Release|Any CPU
		{A1021145-C976-4FCB-9EE4-23777BA8DBB8}.Release|Any CPU.Build.0 = Release|Any CPU
		{A4A44346-80AA-4F10-B8E3-4C4BA6692BC9}.Debug|Any CPU.ActiveCfg = Debug|Any CPU
		{A4A44346-80AA-4F10-B8E3-4C4BA6692BC9}.Debug|Any CPU.Build.0 = Debug|Any CPU
		{A4A44346-80AA-4F10-B8E3-4C4BA6692BC9}.Release|Any CPU.ActiveCfg = Release|Any CPU
		{A4A44346-80AA-4F10-B8E3-4C4BA6692BC9}.Release|Any CPU.Build.0 = Release|Any CPU
		{B7373BAA-D442-4963-BC69-6FF29FBA31B8}.Debug|Any CPU.ActiveCfg = Debug|Any CPU
		{B7373BAA-D442-4963-BC69-6FF29FBA31B8}.Debug|Any CPU.Build.0 = Debug|Any CPU
		{B7373BAA-D442-4963-BC69-6FF29FBA31B8}.Release|Any CPU.ActiveCfg = Release|Any CPU
		{B7373BAA-D442-4963-BC69-6FF29FBA31B8}.Release|Any CPU.Build.0 = Release|Any CPU
		{56E35CD4-0A44-4128-898A-7FF6B877FAA1}.Debug|Any CPU.ActiveCfg = Debug|Any CPU
		{56E35CD4-0A44-4128-898A-7FF6B877FAA1}.Debug|Any CPU.Build.0 = Debug|Any CPU
		{56E35CD4-0A44-4128-898A-7FF6B877FAA1}.Release|Any CPU.ActiveCfg = Release|Any CPU
		{56E35CD4-0A44-4128-898A-7FF6B877FAA1}.Release|Any CPU.Build.0 = Release|Any CPU
		{34F7EC98-9B42-46DC-8C9D-AFE528B21EA4}.Debug|Any CPU.ActiveCfg = Debug|Any CPU
		{34F7EC98-9B42-46DC-8C9D-AFE528B21EA4}.Debug|Any CPU.Build.0 = Debug|Any CPU
		{34F7EC98-9B42-46DC-8C9D-AFE528B21EA4}.Release|Any CPU.ActiveCfg = Release|Any CPU
		{34F7EC98-9B42-46DC-8C9D-AFE528B21EA4}.Release|Any CPU.Build.0 = Release|Any CPU
		{7F1E7CA9-8D85-41A5-8086-095D44A11EFA}.Debug|Any CPU.ActiveCfg = Debug|Any CPU
		{7F1E7CA9-8D85-41A5-8086-095D44A11EFA}.Debug|Any CPU.Build.0 = Debug|Any CPU
		{7F1E7CA9-8D85-41A5-8086-095D44A11EFA}.Release|Any CPU.ActiveCfg = Release|Any CPU
		{7F1E7CA9-8D85-41A5-8086-095D44A11EFA}.Release|Any CPU.Build.0 = Release|Any CPU
		{F07EB3A7-6E6A-49A4-8FB7-0AB568451329}.Debug|Any CPU.ActiveCfg = Debug|Any CPU
		{F07EB3A7-6E6A-49A4-8FB7-0AB568451329}.Debug|Any CPU.Build.0 = Debug|Any CPU
		{F07EB3A7-6E6A-49A4-8FB7-0AB568451329}.Release|Any CPU.ActiveCfg = Release|Any CPU
		{F07EB3A7-6E6A-49A4-8FB7-0AB568451329}.Release|Any CPU.Build.0 = Release|Any CPU
		{AF0505B6-EBD4-4EE4-8A31-8A5799623322}.Debug|Any CPU.ActiveCfg = Debug|Any CPU
		{AF0505B6-EBD4-4EE4-8A31-8A5799623322}.Debug|Any CPU.Build.0 = Debug|Any CPU
		{AF0505B6-EBD4-4EE4-8A31-8A5799623322}.Release|Any CPU.ActiveCfg = Release|Any CPU
		{AF0505B6-EBD4-4EE4-8A31-8A5799623322}.Release|Any CPU.Build.0 = Release|Any CPU
		{093AC020-D210-43FB-A881-D3D5ECF9E403}.Debug|Any CPU.ActiveCfg = Debug|Any CPU
		{093AC020-D210-43FB-A881-D3D5ECF9E403}.Debug|Any CPU.Build.0 = Debug|Any CPU
		{093AC020-D210-43FB-A881-D3D5ECF9E403}.Release|Any CPU.ActiveCfg = Release|Any CPU
		{093AC020-D210-43FB-A881-D3D5ECF9E403}.Release|Any CPU.Build.0 = Release|Any CPU
		{7F660F4F-15D2-470F-806F-A8D60BA20456}.Debug|Any CPU.ActiveCfg = Debug|Any CPU
		{7F660F4F-15D2-470F-806F-A8D60BA20456}.Debug|Any CPU.Build.0 = Debug|Any CPU
		{7F660F4F-15D2-470F-806F-A8D60BA20456}.Release|Any CPU.ActiveCfg = Release|Any CPU
		{7F660F4F-15D2-470F-806F-A8D60BA20456}.Release|Any CPU.Build.0 = Release|Any CPU
		{D054B72B-FFF0-4980-A837-A2C92990DB30}.Debug|Any CPU.ActiveCfg = Debug|Any CPU
		{D054B72B-FFF0-4980-A837-A2C92990DB30}.Debug|Any CPU.Build.0 = Debug|Any CPU
		{D054B72B-FFF0-4980-A837-A2C92990DB30}.Release|Any CPU.ActiveCfg = Release|Any CPU
		{D054B72B-FFF0-4980-A837-A2C92990DB30}.Release|Any CPU.Build.0 = Release|Any CPU
		{4740DE1A-12D7-4AA8-AE6E-52117CD0979E}.Debug|Any CPU.ActiveCfg = Debug|Any CPU
		{4740DE1A-12D7-4AA8-AE6E-52117CD0979E}.Debug|Any CPU.Build.0 = Debug|Any CPU
		{4740DE1A-12D7-4AA8-AE6E-52117CD0979E}.Release|Any CPU.ActiveCfg = Release|Any CPU
		{4740DE1A-12D7-4AA8-AE6E-52117CD0979E}.Release|Any CPU.Build.0 = Release|Any CPU
	EndGlobalSection
	GlobalSection(SolutionProperties) = preSolution
		HideSolutionNode = FALSE
	EndGlobalSection
	GlobalSection(NestedProjects) = preSolution
		{09F650C5-A45B-448E-8988-ECB6AF89B7E5} = {C60F51FB-BA2D-48C1-BC5A-C5D4A4CEEE96}
		{CDD3A260-0DDA-4D3C-B394-340610D099EC} = {C60F51FB-BA2D-48C1-BC5A-C5D4A4CEEE96}
		{42FD8BE6-1847-4563-8C77-E10A442F2BAD} = {C60F51FB-BA2D-48C1-BC5A-C5D4A4CEEE96}
		{69DF294F-8217-480A-AD81-D2D2CE095543} = {593CF7FB-9912-4965-A623-798DB6AA82E4}
		{30975738-E78D-4CB3-B5E9-757D10578500} = {593CF7FB-9912-4965-A623-798DB6AA82E4}
		{A1021145-C976-4FCB-9EE4-23777BA8DBB8} = {593CF7FB-9912-4965-A623-798DB6AA82E4}
		{A4A44346-80AA-4F10-B8E3-4C4BA6692BC9} = {CDB96A17-6AE9-4B9A-AB7B-EE364697ECD3}
		{B7373BAA-D442-4963-BC69-6FF29FBA31B8} = {CDB96A17-6AE9-4B9A-AB7B-EE364697ECD3}
		{2D62A47E-E27E-46B1-90FF-CF5B25315B75} = {38E135CC-EAB3-4BA3-9418-DCF3EEEDE669}
		{56E35CD4-0A44-4128-898A-7FF6B877FAA1} = {2D62A47E-E27E-46B1-90FF-CF5B25315B75}
		{34F7EC98-9B42-46DC-8C9D-AFE528B21EA4} = {2D62A47E-E27E-46B1-90FF-CF5B25315B75}
		{7F1E7CA9-8D85-41A5-8086-095D44A11EFA} = {2D62A47E-E27E-46B1-90FF-CF5B25315B75}
		{EA509EBA-80BA-4CAD-856D-9437C31AC19E} = {38E135CC-EAB3-4BA3-9418-DCF3EEEDE669}
		{F07EB3A7-6E6A-49A4-8FB7-0AB568451329} = {EA509EBA-80BA-4CAD-856D-9437C31AC19E}
		{AF0505B6-EBD4-4EE4-8A31-8A5799623322} = {EA509EBA-80BA-4CAD-856D-9437C31AC19E}
		{093AC020-D210-43FB-A881-D3D5ECF9E403} = {EA509EBA-80BA-4CAD-856D-9437C31AC19E}
		{B386A31A-2EDF-490D-AB4A-B320CC13C87D} = {38E135CC-EAB3-4BA3-9418-DCF3EEEDE669}
		{7F660F4F-15D2-470F-806F-A8D60BA20456} = {B386A31A-2EDF-490D-AB4A-B320CC13C87D}
		{D054B72B-FFF0-4980-A837-A2C92990DB30} = {B386A31A-2EDF-490D-AB4A-B320CC13C87D}
		{4740DE1A-12D7-4AA8-AE6E-52117CD0979E} = {B386A31A-2EDF-490D-AB4A-B320CC13C87D}
	EndGlobalSection
	GlobalSection(ExtensibilityGlobals) = postSolution
		SolutionGuid = {15AF9922-98F1-49DE-890E-38FDA288909F}
	EndGlobalSection
EndGlobal
