
Microsoft Visual Studio Solution File, Format Version 12.00
# Visual Studio 15
VisualStudioVersion = 15.0.28307.168
MinimumVisualStudioVersion = 10.0.40219.1
Project("{9A19103F-16F7-4668-BE54-9A1E7A4F7556}") = "FastSocketLite.Server", "Server\FastSocketLite.Server.csproj", "{214C7042-0ADE-4370-B27A-A3B1E419B389}"
EndProject
Project("{9A19103F-16F7-4668-BE54-9A1E7A4F7556}") = "FastSocketLite.SocketBase", "SocketBase\FastSocketLite.SocketBase.csproj", "{49AA183C-DFA3-47C9-9E86-CE11EBFE1C2B}"
EndProject
Global
	GlobalSection(SolutionConfigurationPlatforms) = preSolution
		Debug|Any CPU = Debug|Any CPU
		Release|Any CPU = Release|Any CPU
	EndGlobalSection
	GlobalSection(ProjectConfigurationPlatforms) = postSolution
		{214C7042-0ADE-4370-B27A-A3B1E419B389}.Debug|Any CPU.ActiveCfg = Debug|Any CPU
		{214C7042-0ADE-4370-B27A-A3B1E419B389}.Debug|Any CPU.Build.0 = Debug|Any CPU
		{214C7042-0ADE-4370-B27A-A3B1E419B389}.Release|Any CPU.ActiveCfg = Release|Any CPU
		{214C7042-0ADE-4370-B27A-A3B1E419B389}.Release|Any CPU.Build.0 = Release|Any CPU
		{49AA183C-DFA3-47C9-9E86-CE11EBFE1C2B}.Debug|Any CPU.ActiveCfg = Debug|Any CPU
		{49AA183C-DFA3-47C9-9E86-CE11EBFE1C2B}.Debug|Any CPU.Build.0 = Debug|Any CPU
		{49AA183C-DFA3-47C9-9E86-CE11EBFE1C2B}.Release|Any CPU.ActiveCfg = Release|Any CPU
		{49AA183C-DFA3-47C9-9E86-CE11EBFE1C2B}.Release|Any CPU.Build.0 = Release|Any CPU
	EndGlobalSection
	GlobalSection(SolutionProperties) = preSolution
		HideSolutionNode = FALSE
	EndGlobalSection
	GlobalSection(ExtensibilityGlobals) = postSolution
		SolutionGuid = {B11F23AA-5C3C-407B-A6A9-9CF71357CF70}
	EndGlobalSection
EndGlobal
