
Microsoft Visual Studio Solution File, Format Version 12.00
# Visual Studio Version 16
VisualStudioVersion = 16.0.30225.117
MinimumVisualStudioVersion = 10.0.40219.1
Project("{FAE04EC0-301F-11D3-BF4B-00C04F79EFBC}") = "ServerCommon", "ServerCommon.csproj", "{BB057A5B-11DF-4DB6-BD79-16B5F78AD221}"
EndProject
Global
	GlobalSection(SolutionConfigurationPlatforms) = preSolution
		Debug|Any CPU = Debug|Any CPU
		Release|Any CPU = Release|Any CPU
	EndGlobalSection
	GlobalSection(ProjectConfigurationPlatforms) = postSolution
		{BB057A5B-11DF-4DB6-BD79-16B5F78AD221}.Debug|Any CPU.ActiveCfg = Debug|Any CPU
		{BB057A5B-11DF-4DB6-BD79-16B5F78AD221}.Debug|Any CPU.Build.0 = Debug|Any CPU
		{BB057A5B-11DF-4DB6-BD79-16B5F78AD221}.Release|Any CPU.ActiveCfg = Release|Any CPU
		{BB057A5B-11DF-4DB6-BD79-16B5F78AD221}.Release|Any CPU.Build.0 = Release|Any CPU
	EndGlobalSection
	GlobalSection(SolutionProperties) = preSolution
		HideSolutionNode = FALSE
	EndGlobalSection
	GlobalSection(ExtensibilityGlobals) = postSolution
		SolutionGuid = {90EBB10B-BAB5-4746-AE9F-A7684D41D511}
	EndGlobalSection
EndGlobal
