
Microsoft Visual Studio Solution File, Format Version 12.00
# Visual Studio 15
VisualStudioVersion = 15.0.26730.16
MinimumVisualStudioVersion = 10.0.40219.1
Project("{9A19103F-16F7-4668-BE54-9A1E7A4F7556}") = "EchoClient", "EchoClient.csproj", "{ADBF19EB-0285-4633-BBD5-BAB71E0D6B85}"
EndProject
Project("{9A19103F-16F7-4668-BE54-9A1E7A4F7556}") = "FreeNetNCore", "..\..\FreeNetNCore\FreeNetNCore.csproj", "{E7943499-302B-41C1-9968-AC85EB11DA10}"
EndProject
Global
	GlobalSection(SolutionConfigurationPlatforms) = preSolution
		Debug|Any CPU = Debug|Any CPU
		Release|Any CPU = Release|Any CPU
	EndGlobalSection
	GlobalSection(ProjectConfigurationPlatforms) = postSolution
		{ADBF19EB-0285-4633-BBD5-BAB71E0D6B85}.Debug|Any CPU.ActiveCfg = Debug|Any CPU
		{ADBF19EB-0285-4633-BBD5-BAB71E0D6B85}.Debug|Any CPU.Build.0 = Debug|Any CPU
		{ADBF19EB-0285-4633-BBD5-BAB71E0D6B85}.Release|Any CPU.ActiveCfg = Release|Any CPU
		{ADBF19EB-0285-4633-BBD5-BAB71E0D6B85}.Release|Any CPU.Build.0 = Release|Any CPU
		{E7943499-302B-41C1-9968-AC85EB11DA10}.Debug|Any CPU.ActiveCfg = Debug|Any CPU
		{E7943499-302B-41C1-9968-AC85EB11DA10}.Debug|Any CPU.Build.0 = Debug|Any CPU
		{E7943499-302B-41C1-9968-AC85EB11DA10}.Release|Any CPU.ActiveCfg = Release|Any CPU
		{E7943499-302B-41C1-9968-AC85EB11DA10}.Release|Any CPU.Build.0 = Release|Any CPU
	EndGlobalSection
	GlobalSection(SolutionProperties) = preSolution
		HideSolutionNode = FALSE
	EndGlobalSection
	GlobalSection(ExtensibilityGlobals) = postSolution
		SolutionGuid = {04E82BDE-C0B1-46E8-A2FC-946069FA7384}
	EndGlobalSection
EndGlobal
