
Microsoft Visual Studio Solution File, Format Version 12.00
# Visual Studio 15
VisualStudioVersion = 15.0.26730.16
MinimumVisualStudioVersion = 10.0.40219.1
Project("{9A19103F-16F7-4668-BE54-9A1E7A4F7556}") = "EchoServerIOThreadPacketProcess", "EchoServerIOThreadPacketProcess.csproj", "{82EBAF29-ED16-4731-856F-02189A03DF70}"
EndProject
Project("{9A19103F-16F7-4668-BE54-9A1E7A4F7556}") = "FreeNetLite", "..\..\FreeNetLite\FreeNetLite.csproj", "{D1C40A04-55DA-4459-B3BE-C4D7342CBE36}"
EndProject
Global
	GlobalSection(SolutionConfigurationPlatforms) = preSolution
		Debug|Any CPU = Debug|Any CPU
		Release|Any CPU = Release|Any CPU
	EndGlobalSection
	GlobalSection(ProjectConfigurationPlatforms) = postSolution
		{82EBAF29-ED16-4731-856F-02189A03DF70}.Debug|Any CPU.ActiveCfg = Debug|Any CPU
		{82EBAF29-ED16-4731-856F-02189A03DF70}.Debug|Any CPU.Build.0 = Debug|Any CPU
		{82EBAF29-ED16-4731-856F-02189A03DF70}.Release|Any CPU.ActiveCfg = Release|Any CPU
		{82EBAF29-ED16-4731-856F-02189A03DF70}.Release|Any CPU.Build.0 = Release|Any CPU
		{D1C40A04-55DA-4459-B3BE-C4D7342CBE36}.Debug|Any CPU.ActiveCfg = Debug|Any CPU
		{D1C40A04-55DA-4459-B3BE-C4D7342CBE36}.Debug|Any CPU.Build.0 = Debug|Any CPU
		{D1C40A04-55DA-4459-B3BE-C4D7342CBE36}.Release|Any CPU.ActiveCfg = Release|Any CPU
		{D1C40A04-55DA-4459-B3BE-C4D7342CBE36}.Release|Any CPU.Build.0 = Release|Any CPU
	EndGlobalSection
	GlobalSection(SolutionProperties) = preSolution
		HideSolutionNode = FALSE
	EndGlobalSection
	GlobalSection(ExtensibilityGlobals) = postSolution
		SolutionGuid = {3260DBAA-D520-473A-B53E-33ED61D269A3}
	EndGlobalSection
EndGlobal
