
Microsoft Visual Studio Solution File, Format Version 12.00
# Visual Studio Version 16
VisualStudioVersion = 16.0.30406.217
MinimumVisualStudioVersion = 10.0.40219.1
Project("{FAE04EC0-301F-11D3-BF4B-00C04F79EFBC}") = "OmokClient", "OmokClient.csproj", "{9E4B5E72-4E76-4E22-90B0-E53275A99018}"
EndProject
Project("{9A19103F-16F7-4668-BE54-9A1E7A4F7556}") = "CSCommon", "..\CSCommon\CSCommonCL.csproj", "{B701805F-BD81-4967-8998-D67C1FD36C4F}"
EndProject
Global
	GlobalSection(SolutionConfigurationPlatforms) = preSolution
		Debug|Any CPU = Debug|Any CPU
		Release|Any CPU = Release|Any CPU
	EndGlobalSection
	GlobalSection(ProjectConfigurationPlatforms) = postSolution
		{9E4B5E72-4E76-4E22-90B0-E53275A99018}.Debug|Any CPU.ActiveCfg = Debug|Any CPU
		{9E4B5E72-4E76-4E22-90B0-E53275A99018}.Debug|Any CPU.Build.0 = Debug|Any CPU
		{9E4B5E72-4E76-4E22-90B0-E53275A99018}.Release|Any CPU.ActiveCfg = Release|Any CPU
		{9E4B5E72-4E76-4E22-90B0-E53275A99018}.Release|Any CPU.Build.0 = Release|Any CPU
		{B701805F-BD81-4967-8998-D67C1FD36C4F}.Debug|Any CPU.ActiveCfg = Debug|Any CPU
		{B701805F-BD81-4967-8998-D67C1FD36C4F}.Debug|Any CPU.Build.0 = Debug|Any CPU
		{B701805F-BD81-4967-8998-D67C1FD36C4F}.Release|Any CPU.ActiveCfg = Release|Any CPU
		{B701805F-BD81-4967-8998-D67C1FD36C4F}.Release|Any CPU.Build.0 = Release|Any CPU
	EndGlobalSection
	GlobalSection(SolutionProperties) = preSolution
		HideSolutionNode = FALSE
	EndGlobalSection
	GlobalSection(ExtensibilityGlobals) = postSolution
		SolutionGuid = {48B61978-8998-4F6B-861E-3F0C6D340A5B}
	EndGlobalSection
EndGlobal
