
Microsoft Visual Studio Solution File, Format Version 12.00
# Visual Studio 15
VisualStudioVersion = 15.0.28010.2041
MinimumVisualStudioVersion = 10.0.40219.1
Project("{FAE04EC0-301F-11D3-BF4B-00C04F79EFBC}") = "BasicUDP", "BasicUDP\BasicUDP.csproj", "{83043117-7D62-4EB0-A1C5-F30A34AAB40F}"
EndProject
Global
	GlobalSection(SolutionConfigurationPlatforms) = preSolution
		Debug|Any CPU = Debug|Any CPU
		Release|Any CPU = Release|Any CPU
	EndGlobalSection
	GlobalSection(ProjectConfigurationPlatforms) = postSolution
		{83043117-7D62-4EB0-A1C5-F30A34AAB40F}.Debug|Any CPU.ActiveCfg = Debug|Any CPU
		{83043117-7D62-4EB0-A1C5-F30A34AAB40F}.Debug|Any CPU.Build.0 = Debug|Any CPU
		{83043117-7D62-4EB0-A1C5-F30A34AAB40F}.Release|Any CPU.ActiveCfg = Release|Any CPU
		{83043117-7D62-4EB0-A1C5-F30A34AAB40F}.Release|Any CPU.Build.0 = Release|Any CPU
	EndGlobalSection
	GlobalSection(SolutionProperties) = preSolution
		HideSolutionNode = FALSE
	EndGlobalSection
	GlobalSection(ExtensibilityGlobals) = postSolution
		SolutionGuid = {AA4D467A-51C2-4C56-836B-EFB1AACAC548}
	EndGlobalSection
EndGlobal
