
Microsoft Visual Studio Solution File, Format Version 12.00
# Visual Studio 15
VisualStudioVersion = 15.0.28010.2041
MinimumVisualStudioVersion = 10.0.40219.1
Project("{FAE04EC0-301F-11D3-BF4B-00C04F79EFBC}") = "BasicSocketClient", "BasicSocketClient.csproj", "{5FD9A30D-A066-4658-A79B-75D74690B09F}"
EndProject
Global
	GlobalSection(SolutionConfigurationPlatforms) = preSolution
		Debug|Any CPU = Debug|Any CPU
		Release|Any CPU = Release|Any CPU
	EndGlobalSection
	GlobalSection(ProjectConfigurationPlatforms) = postSolution
		{5FD9A30D-A066-4658-A79B-75D74690B09F}.Debug|Any CPU.ActiveCfg = Debug|Any CPU
		{5FD9A30D-A066-4658-A79B-75D74690B09F}.Debug|Any CPU.Build.0 = Debug|Any CPU
		{5FD9A30D-A066-4658-A79B-75D74690B09F}.Release|Any CPU.ActiveCfg = Release|Any CPU
		{5FD9A30D-A066-4658-A79B-75D74690B09F}.Release|Any CPU.Build.0 = Release|Any CPU
	EndGlobalSection
	GlobalSection(SolutionProperties) = preSolution
		HideSolutionNode = FALSE
	EndGlobalSection
	GlobalSection(ExtensibilityGlobals) = postSolution
		SolutionGuid = {2FD85F81-97A4-4E34-81FB-5381FCB5A9CD}
	EndGlobalSection
EndGlobal
