
Microsoft Visual Studio Solution File, Format Version 12.00
# Visual Studio Version 16
VisualStudioVersion = 16.0.30225.117
MinimumVisualStudioVersion = 10.0.40219.1
Project("{FAE04EC0-301F-11D3-BF4B-00C04F79EFBC}") = "MQTestApp", "MQTestApp.csproj", "{EFA4824E-6CEE-402F-A011-4C57E69E6C01}"
EndProject
Global
	GlobalSection(SolutionConfigurationPlatforms) = preSolution
		Debug|Any CPU = Debug|Any CPU
		Release|Any CPU = Release|Any CPU
	EndGlobalSection
	GlobalSection(ProjectConfigurationPlatforms) = postSolution
		{EFA4824E-6CEE-402F-A011-4C57E69E6C01}.Debug|Any CPU.ActiveCfg = Debug|Any CPU
		{EFA4824E-6CEE-402F-A011-4C57E69E6C01}.Debug|Any CPU.Build.0 = Debug|Any CPU
		{EFA4824E-6CEE-402F-A011-4C57E69E6C01}.Release|Any CPU.ActiveCfg = Release|Any CPU
		{EFA4824E-6CEE-402F-A011-4C57E69E6C01}.Release|Any CPU.Build.0 = Release|Any CPU
	EndGlobalSection
	GlobalSection(SolutionProperties) = preSolution
		HideSolutionNode = FALSE
	EndGlobalSection
	GlobalSection(ExtensibilityGlobals) = postSolution
		SolutionGuid = {41D615E5-1EEB-4DF9-A404-7CEB5B128A49}
	EndGlobalSection
EndGlobal
