
Microsoft Visual Studio Solution File, Format Version 12.00
# Visual Studio Version 16
VisualStudioVersion = 16.0.30804.86
MinimumVisualStudioVersion = 10.0.40219.1
Project("{9A19103F-16F7-4668-BE54-9A1E7A4F7556}") = "ServerCommon", "ServerCommon\ServerCommon.csproj", "{AA7A2D24-E853-4EE2-827C-C2E0D2419ACF}"
EndProject
Project("{9A19103F-16F7-4668-BE54-9A1E7A4F7556}") = "MatchServer", "MatchServer\MatchServer.csproj", "{CA94C716-9A3D-4EF8-A8AC-0F27309B18E5}"
EndProject
Project("{9A19103F-16F7-4668-BE54-9A1E7A4F7556}") = "PvPGameServer", "OmokGameServer\PvPGameServer.csproj", "{18F08402-5594-4B3B-8B39-72AE55F5B32C}"
EndProject
Global
	GlobalSection(SolutionConfigurationPlatforms) = preSolution
		Debug|Any CPU = Debug|Any CPU
		Release|Any CPU = Release|Any CPU
	EndGlobalSection
	GlobalSection(ProjectConfigurationPlatforms) = postSolution
		{AA7A2D24-E853-4EE2-827C-C2E0D2419ACF}.Debug|Any CPU.ActiveCfg = Debug|Any CPU
		{AA7A2D24-E853-4EE2-827C-C2E0D2419ACF}.Debug|Any CPU.Build.0 = Debug|Any CPU
		{AA7A2D24-E853-4EE2-827C-C2E0D2419ACF}.Release|Any CPU.ActiveCfg = Release|Any CPU
		{AA7A2D24-E853-4EE2-827C-C2E0D2419ACF}.Release|Any CPU.Build.0 = Release|Any CPU
		{CA94C716-9A3D-4EF8-A8AC-0F27309B18E5}.Debug|Any CPU.ActiveCfg = Debug|Any CPU
		{CA94C716-9A3D-4EF8-A8AC-0F27309B18E5}.Debug|Any CPU.Build.0 = Debug|Any CPU
		{CA94C716-9A3D-4EF8-A8AC-0F27309B18E5}.Release|Any CPU.ActiveCfg = Release|Any CPU
		{CA94C716-9A3D-4EF8-A8AC-0F27309B18E5}.Release|Any CPU.Build.0 = Release|Any CPU
		{18F08402-5594-4B3B-8B39-72AE55F5B32C}.Debug|Any CPU.ActiveCfg = Debug|Any CPU
		{18F08402-5594-4B3B-8B39-72AE55F5B32C}.Debug|Any CPU.Build.0 = Debug|Any CPU
		{18F08402-5594-4B3B-8B39-72AE55F5B32C}.Release|Any CPU.ActiveCfg = Release|Any CPU
		{18F08402-5594-4B3B-8B39-72AE55F5B32C}.Release|Any CPU.Build.0 = Release|Any CPU
	EndGlobalSection
	GlobalSection(SolutionProperties) = preSolution
		HideSolutionNode = FALSE
	EndGlobalSection
	GlobalSection(ExtensibilityGlobals) = postSolution
		SolutionGuid = {BB26CF39-E311-48F0-AA9E-9DEE87BCE10C}
	EndGlobalSection
EndGlobal
