
Microsoft Visual Studio Solution File, Format Version 12.00
# Visual Studio 15
VisualStudioVersion = 15.0.28010.2041
MinimumVisualStudioVersion = 10.0.40219.1
Project("{FAE04EC0-301F-11D3-BF4B-00C04F79EFBC}") = "AsyncAwaitSocketServer", "AsyncAwaitSocketServer.csproj", "{503A3D65-66CF-41A2-BE15-CE2DF13841BA}"
EndProject
Global
	GlobalSection(SolutionConfigurationPlatforms) = preSolution
		Debug|Any CPU = Debug|Any CPU
		Release|Any CPU = Release|Any CPU
	EndGlobalSection
	GlobalSection(ProjectConfigurationPlatforms) = postSolution
		{503A3D65-66CF-41A2-BE15-CE2DF13841BA}.Debug|Any CPU.ActiveCfg = Debug|Any CPU
		{503A3D65-66CF-41A2-BE15-CE2DF13841BA}.Debug|Any CPU.Build.0 = Debug|Any CPU
		{503A3D65-66CF-41A2-BE15-CE2DF13841BA}.Release|Any CPU.ActiveCfg = Release|Any CPU
		{503A3D65-66CF-41A2-BE15-CE2DF13841BA}.Release|Any CPU.Build.0 = Release|Any CPU
	EndGlobalSection
	GlobalSection(SolutionProperties) = preSolution
		HideSolutionNode = FALSE
	EndGlobalSection
	GlobalSection(ExtensibilityGlobals) = postSolution
		SolutionGuid = {FA91ED2B-05E6-4D55-8980-2FE4D5C9DDB3}
	EndGlobalSection
EndGlobal
