
Microsoft Visual Studio Solution File, Format Version 12.00
# Visual Studio Version 17
VisualStudioVersion = 17.8.34330.188
MinimumVisualStudioVersion = 10.0.40219.1
Project("{9A19103F-16F7-4668-BE54-9A1E7A4F7556}") = "AsyncAwaitSocketServer", "AsyncAwaitSocketServer\AsyncAwaitSocketServer.csproj", "{C2A3D8DC-EC40-4E2E-89B7-4C5DD12A22FA}"
EndProject
Project("{9A19103F-16F7-4668-BE54-9A1E7A4F7556}") = "AsyncAwaitChatServer", "AsyncAwaitChatServer\AsyncAwaitChatServer.csproj", "{480DD499-4ED2-4EBA-B155-357C9F67FD04}"
EndProject
Global
	GlobalSection(SolutionConfigurationPlatforms) = preSolution
		Debug|Any CPU = Debug|Any CPU
		Release|Any CPU = Release|Any CPU
	EndGlobalSection
	GlobalSection(ProjectConfigurationPlatforms) = postSolution
		{C2A3D8DC-EC40-4E2E-89B7-4C5DD12A22FA}.Debug|Any CPU.ActiveCfg = Debug|Any CPU
		{C2A3D8DC-EC40-4E2E-89B7-4C5DD12A22FA}.Debug|Any CPU.Build.0 = Debug|Any CPU
		{C2A3D8DC-EC40-4E2E-89B7-4C5DD12A22FA}.Release|Any CPU.ActiveCfg = Release|Any CPU
		{C2A3D8DC-EC40-4E2E-89B7-4C5DD12A22FA}.Release|Any CPU.Build.0 = Release|Any CPU
		{480DD499-4ED2-4EBA-B155-357C9F67FD04}.Debug|Any CPU.ActiveCfg = Debug|Any CPU
		{480DD499-4ED2-4EBA-B155-357C9F67FD04}.Debug|Any CPU.Build.0 = Debug|Any CPU
		{480DD499-4ED2-4EBA-B155-357C9F67FD04}.Release|Any CPU.ActiveCfg = Release|Any CPU
		{480DD499-4ED2-4EBA-B155-357C9F67FD04}.Release|Any CPU.Build.0 = Release|Any CPU
	EndGlobalSection
	GlobalSection(SolutionProperties) = preSolution
		HideSolutionNode = FALSE
	EndGlobalSection
	GlobalSection(ExtensibilityGlobals) = postSolution
		SolutionGuid = {15AF9922-98F1-49DE-890E-38FDA288909F}
	EndGlobalSection
EndGlobal
